
Microsoft Visual Studio Solution File, Format Version 12.00
# Visual Studio Version 17
VisualStudioVersion = 17.3.32901.215
MinimumVisualStudioVersion = 10.0.40219.1
Project("{9A19103F-16F7-4668-BE54-9A1E7A4F7556}") = "AssemblyBrowser", "BrowserDemo\AssemblyBrowser.csproj", "{78632F88-F17C-4859-8F58-E6B0533381CC}"
EndProject
Project("{9A19103F-16F7-4668-BE54-9A1E7A4F7556}") = "AssemblyLib", "AssemblyLib\AssemblyLib.csproj", "{F9B71778-EF65-4ACF-AF17-1E394672DE86}"
EndProject
Project("{9A19103F-16F7-4668-BE54-9A1E7A4F7556}") = "LibraryTest", "LibraryTest\LibraryTest.csproj", "{46EEA42A-04D4-4089-8090-8DED8E0266CC}"
EndProject
Global
	GlobalSection(SolutionConfigurationPlatforms) = preSolution
		Debug|Any CPU = Debug|Any CPU
		Release|Any CPU = Release|Any CPU
	EndGlobalSection
	GlobalSection(ProjectConfigurationPlatforms) = postSolution
		{78632F88-F17C-4859-8F58-E6B0533381CC}.Debug|Any CPU.ActiveCfg = Debug|Any CPU
		{78632F88-F17C-4859-8F58-E6B0533381CC}.Debug|Any CPU.Build.0 = Debug|Any CPU
		{78632F88-F17C-4859-8F58-E6B0533381CC}.Release|Any CPU.ActiveCfg = Release|Any CPU
		{78632F88-F17C-4859-8F58-E6B0533381CC}.Release|Any CPU.Build.0 = Release|Any CPU
		{F9B71778-EF65-4ACF-AF17-1E394672DE86}.Debug|Any CPU.ActiveCfg = Debug|Any CPU
		{F9B71778-EF65-4ACF-AF17-1E394672DE86}.Debug|Any CPU.Build.0 = Debug|Any CPU
		{F9B71778-EF65-4ACF-AF17-1E394672DE86}.Release|Any CPU.ActiveCfg = Release|Any CPU
		{F9B71778-EF65-4ACF-AF17-1E394672DE86}.Release|Any CPU.Build.0 = Release|Any CPU
		{46EEA42A-04D4-4089-8090-8DED8E0266CC}.Debug|Any CPU.ActiveCfg = Debug|Any CPU
		{46EEA42A-04D4-4089-8090-8DED8E0266CC}.Debug|Any CPU.Build.0 = Debug|Any CPU
		{46EEA42A-04D4-4089-8090-8DED8E0266CC}.Release|Any CPU.ActiveCfg = Release|Any CPU
		{46EEA42A-04D4-4089-8090-8DED8E0266CC}.Release|Any CPU.Build.0 = Release|Any CPU
	EndGlobalSection
	GlobalSection(SolutionProperties) = preSolution
		HideSolutionNode = FALSE
	EndGlobalSection
	GlobalSection(ExtensibilityGlobals) = postSolution
		SolutionGuid = {7D653A6A-C74B-48B4-BB32-5C0830B53887}
	EndGlobalSection
EndGlobal
